
Microsoft Visual Studio Solution File, Format Version 12.00
# Visual Studio Version 16
VisualStudioVersion = 16.0.31424.327
MinimumVisualStudioVersion = 10.0.40219.1
Project("{FAE04EC0-301F-11D3-BF4B-00C04F79EFBC}") = "XMusicDownloader", "XMusicDownloader\XMusicDownloader.csproj", "{DD9FED3C-F339-4317-92A1-6E6BA9CE21DA}"
EndProject
Global
	GlobalSection(SolutionConfigurationPlatforms) = preSolution
		Debug|Any CPU = Debug|Any CPU
		Release|Any CPU = Release|Any CPU
	EndGlobalSection
	GlobalSection(ProjectConfigurationPlatforms) = postSolution
		{DD9FED3C-F339-4317-92A1-6E6BA9CE21DA}.Debug|Any CPU.ActiveCfg = Debug|Any CPU
		{DD9FED3C-F339-4317-92A1-6E6BA9CE21DA}.Debug|Any CPU.Build.0 = Debug|Any CPU
		{DD9FED3C-F339-4317-92A1-6E6BA9CE21DA}.Release|Any CPU.ActiveCfg = Release|Any CPU
		{DD9FED3C-F339-4317-92A1-6E6BA9CE21DA}.Release|Any CPU.Build.0 = Release|Any CPU
	EndGlobalSection
	GlobalSection(SolutionProperties) = preSolution
		HideSolutionNode = FALSE
	EndGlobalSection
	GlobalSection(ExtensibilityGlobals) = postSolution
		SolutionGuid = {5629C6D7-651E-4B25-AC06-83EBB408A7A8}
	EndGlobalSection
EndGlobal
